// !$*UTF8*$!
{
	archiveVersion = 1;
	classes = {
	};
	objectVersion = 50;
	objects = {

/* Begin PBXBuildFile section */
		0003988E235B364D00E50E9F /* AppDelegate.m in Sources */ = {isa = PBXBuildFile; fileRef = 0003988D235B364D00E50E9F /* AppDelegate.m */; };
		00039891235B364D00E50E9F /* SceneDelegate.m in Sources */ = {isa = PBXBuildFile; fileRef = 00039890235B364D00E50E9F /* SceneDelegate.m */; };
		00039894235B364D00E50E9F /* ViewController.m in Sources */ = {isa = PBXBuildFile; fileRef = 00039893235B364D00E50E9F /* ViewController.m */; };
		00039897235B364D00E50E9F /* Main.storyboard in Resources */ = {isa = PBXBuildFile; fileRef = 00039895235B364D00E50E9F /* Main.storyboard */; };
		00039899235B364E00E50E9F /* Assets.xcassets in Resources */ = {isa = PBXBuildFile; fileRef = 00039898235B364E00E50E9F /* Assets.xcassets */; };
		0003989C235B364E00E50E9F /* LaunchScreen.storyboard in Resources */ = {isa = PBXBuildFile; fileRef = 0003989A235B364E00E50E9F /* LaunchScreen.storyboard */; };
		0003989F235B364E00E50E9F /* main.m in Sources */ = {isa = PBXBuildFile; fileRef = 0003989E235B364E00E50E9F /* main.m */; };
		000398A9235B364E00E50E9F /* toutiaoTests.m in Sources */ = {isa = PBXBuildFile; fileRef = 000398A8235B364E00E50E9F /* toutiaoTests.m */; };
		000398B4235B364E00E50E9F /* toutiaoUITests.m in Sources */ = {isa = PBXBuildFile; fileRef = 000398B3235B364E00E50E9F /* toutiaoUITests.m */; };
/* End PBXBuildFile section */

/* Begin PBXContainerItemProxy section */
		000398A5235B364E00E50E9F /* PBXContainerItemProxy */ = {
			isa = PBXContainerItemProxy;
			containerPortal = 00039881235B364D00E50E9F /* Project object */;
			proxyType = 1;
			remoteGlobalIDString = 00039888235B364D00E50E9F;
			remoteInfo = toutiao;
		};
		000398B0235B364E00E50E9F /* PBXContainerItemProxy */ = {
			isa = PBXContainerItemProxy;
			containerPortal = 00039881235B364D00E50E9F /* Project object */;
			proxyType = 1;
			remoteGlobalIDString = 00039888235B364D00E50E9F;
			remoteInfo = toutiao;
		};
/* End PBXContainerItemProxy section */

/* Begin PBXFileReference section */
		00039889235B364D00E50E9F /* toutiao.app */ = {isa = PBXFileReference; explicitFileType = wrapper.application; includeInIndex = 0; path = toutiao.app; sourceTree = BUILT_PRODUCTS_DIR; };
		0003988C235B364D00E50E9F /* AppDelegate.h */ = {isa = PBXFileReference; lastKnownFileType = sourcecode.c.h; path = AppDelegate.h; sourceTree = "<group>"; };
		0003988D235B364D00E50E9F /* AppDelegate.m */ = {isa = PBXFileReference; lastKnownFileType = sourcecode.c.objc; path = AppDelegate.m; sourceTree = "<group>"; };
		0003988F235B364D00E50E9F /* SceneDelegate.h */ = {isa = PBXFileReference; lastKnownFileType = sourcecode.c.h; path = SceneDelegate.h; sourceTree = "<group>"; };
		00039890235B364D00E50E9F /* SceneDelegate.m */ = {isa = PBXFileReference; lastKnownFileType = sourcecode.c.objc; path = SceneDelegate.m; sourceTree = "<group>"; };
		00039892235B364D00E50E9F /* ViewController.h */ = {isa = PBXFileReference; lastKnownFileType = sourcecode.c.h; path = ViewController.h; sourceTree = "<group>"; };
		00039893235B364D00E50E9F /* ViewController.m */ = {isa = PBXFileReference; lastKnownFileType = sourcecode.c.objc; path = ViewController.m; sourceTree = "<group>"; };
		00039896235B364D00E50E9F /* Base */ = {isa = PBXFileReference; lastKnownFileType = file.storyboard; name = Base; path = Base.lproj/Main.storyboard; sourceTree = "<group>"; };
		00039898235B364E00E50E9F /* Assets.xcassets */ = {isa = PBXFileReference; lastKnownFileType = folder.assetcatalog; path = Assets.xcassets; sourceTree = "<group>"; };
		0003989B235B364E00E50E9F /* Base */ = {isa = PBXFileReference; lastKnownFileType = file.storyboard; name = Base; path = Base.lproj/LaunchScreen.storyboard; sourceTree = "<group>"; };
		0003989D235B364E00E50E9F /* Info.plist */ = {isa = PBXFileReference; lastKnownFileType = text.plist.xml; path = Info.plist; sourceTree = "<group>"; };
		0003989E235B364E00E50E9F /* main.m */ = {isa = PBXFileReference; lastKnownFileType = sourcecode.c.objc; path = main.m; sourceTree = "<group>"; };
		000398A4235B364E00E50E9F /* toutiaoTests.xctest */ = {isa = PBXFileReference; explicitFileType = wrapper.cfbundle; includeInIndex = 0; path = toutiaoTests.xctest; sourceTree = BUILT_PRODUCTS_DIR; };
		000398A8235B364E00E50E9F /* toutiaoTests.m */ = {isa = PBXFileReference; lastKnownFileType = sourcecode.c.objc; path = toutiaoTests.m; sourceTree = "<group>"; };
		000398AA235B364E00E50E9F /* Info.plist */ = {isa = PBXFileReference; lastKnownFileType = text.plist.xml; path = Info.plist; sourceTree = "<group>"; };
		000398AF235B364E00E50E9F /* toutiaoUITests.xctest */ = {isa = PBXFileReference; explicitFileType = wrapper.cfbundle; includeInIndex = 0; path = toutiaoUITests.xctest; sourceTree = BUILT_PRODUCTS_DIR; };
		000398B3235B364E00E50E9F /* toutiaoUITests.m */ = {isa = PBXFileReference; lastKnownFileType = sourcecode.c.objc; path = toutiaoUITests.m; sourceTree = "<group>"; };
		000398B5235B364E00E50E9F /* Info.plist */ = {isa = PBXFileReference; lastKnownFileType = text.plist.xml; path = Info.plist; sourceTree = "<group>"; };
/* End PBXFileReference section */

/* Begin PBXFrameworksBuildPhase section */
		00039886235B364D00E50E9F /* Frameworks */ = {
			isa = PBXFrameworksBuildPhase;
			buildActionMask = 2147483647;
			files = (
			);
			runOnlyForDeploymentPostprocessing = 0;
		};
		000398A1235B364E00E50E9F /* Frameworks */ = {
			isa = PBXFrameworksBuildPhase;
			buildActionMask = 2147483647;
			files = (
			);
			runOnlyForDeploymentPostprocessing = 0;
		};
		000398AC235B364E00E50E9F /* Frameworks */ = {
			isa = PBXFrameworksBuildPhase;
			buildActionMask = 2147483647;
			files = (
			);
			runOnlyForDeploymentPostprocessing = 0;
		};
/* End PBXFrameworksBuildPhase section */

/* Begin PBXGroup section */
		00039880235B364D00E50E9F = {
			isa = PBXGroup;
			children = (
				0003988B235B364D00E50E9F /* toutiao */,
				000398A7235B364E00E50E9F /* toutiaoTests */,
				000398B2235B364E00E50E9F /* toutiaoUITests */,
				0003988A235B364D00E50E9F /* Products */,
			);
			sourceTree = "<group>";
		};
		0003988A235B364D00E50E9F /* Products */ = {
			isa = PBXGroup;
			children = (
				00039889235B364D00E50E9F /* toutiao.app */,
				000398A4235B364E00E50E9F /* toutiaoTests.xctest */,
				000398AF235B364E00E50E9F /* toutiaoUITests.xctest */,
			);
			name = Products;
			sourceTree = "<group>";
		};
		0003988B235B364D00E50E9F /* toutiao */ = {
			isa = PBXGroup;
			children = (
				0003988C235B364D00E50E9F /* AppDelegate.h */,
				0003988D235B364D00E50E9F /* AppDelegate.m */,
				0003988F235B364D00E50E9F /* SceneDelegate.h */,
				00039890235B364D00E50E9F /* SceneDelegate.m */,
				00039892235B364D00E50E9F /* ViewController.h */,
				00039893235B364D00E50E9F /* ViewController.m */,
				00039895235B364D00E50E9F /* Main.storyboard */,
				00039898235B364E00E50E9F /* Assets.xcassets */,
				0003989A235B364E00E50E9F /* LaunchScreen.storyboard */,
				0003989D235B364E00E50E9F /* Info.plist */,
				0003989E235B364E00E50E9F /* main.m */,
			);
			path = toutiao;
			sourceTree = "<group>";
		};
		000398A7235B364E00E50E9F /* toutiaoTests */ = {
			isa = PBXGroup;
			children = (
				000398A8235B364E00E50E9F /* toutiaoTests.m */,
				000398AA235B364E00E50E9F /* Info.plist */,
			);
			path = toutiaoTests;
			sourceTree = "<group>";
		};
		000398B2235B364E00E50E9F /* toutiaoUITests */ = {
			isa = PBXGroup;
			children = (
				000398B3235B364E00E50E9F /* toutiaoUITests.m */,
				000398B5235B364E00E50E9F /* Info.plist */,
			);
			path = toutiaoUITests;
			sourceTree = "<group>";
		};
/* End PBXGroup section */

/* Begin PBXNativeTarget section */
		00039888235B364D00E50E9F /* toutiao */ = {
			isa = PBXNativeTarget;
			buildConfigurationList = 000398B8235B364E00E50E9F /* Build configuration list for PBXNativeTarget "toutiao" */;
			buildPhases = (
				00039885235B364D00E50E9F /* Sources */,
				00039886235B364D00E50E9F /* Frameworks */,
				00039887235B364D00E50E9F /* Resources */,
			);
			buildRules = (
			);
			dependencies = (
			);
			name = toutiao;
			productName = toutiao;
			productReference = 00039889235B364D00E50E9F /* toutiao.app */;
			productType = "com.apple.product-type.application";
		};
		000398A3235B364E00E50E9F /* toutiaoTests */ = {
			isa = PBXNativeTarget;
			buildConfigurationList = 000398BB235B364E00E50E9F /* Build configuration list for PBXNativeTarget "toutiaoTests" */;
			buildPhases = (
				000398A0235B364E00E50E9F /* Sources */,
				000398A1235B364E00E50E9F /* Frameworks */,
				000398A2235B364E00E50E9F /* Resources */,
			);
			buildRules = (
			);
			dependencies = (
				000398A6235B364E00E50E9F /* PBXTargetDependency */,
			);
			name = toutiaoTests;
			productName = toutiaoTests;
			productReference = 000398A4235B364E00E50E9F /* toutiaoTests.xctest */;
			productType = "com.apple.product-type.bundle.unit-test";
		};
		000398AE235B364E00E50E9F /* toutiaoUITests */ = {
			isa = PBXNativeTarget;
			buildConfigurationList = 000398BE235B364E00E50E9F /* Build configuration list for PBXNativeTarget "toutiaoUITests" */;
			buildPhases = (
				000398AB235B364E00E50E9F /* Sources */,
				000398AC235B364E00E50E9F /* Frameworks */,
				000398AD235B364E00E50E9F /* Resources */,
			);
			buildRules = (
			);
			dependencies = (
				000398B1235B364E00E50E9F /* PBXTargetDependency */,
			);
			name = toutiaoUITests;
			productName = toutiaoUITests;
			productReference = 000398AF235B364E00E50E9F /* toutiaoUITests.xctest */;
			productType = "com.apple.product-type.bundle.ui-testing";
		};
/* End PBXNativeTarget section */

/* Begin PBXProject section */
		00039881235B364D00E50E9F /* Project object */ = {
			isa = PBXProject;
			attributes = {
				LastUpgradeCheck = 1120;
				ORGANIZATIONNAME = edz;
				TargetAttributes = {
					00039888235B364D00E50E9F = {
						CreatedOnToolsVersion = 11.2;
					};
					000398A3235B364E00E50E9F = {
						CreatedOnToolsVersion = 11.2;
						TestTargetID = 00039888235B364D00E50E9F;
					};
					000398AE235B364E00E50E9F = {
						CreatedOnToolsVersion = 11.2;
						TestTargetID = 00039888235B364D00E50E9F;
					};
				};
			};
			buildConfigurationList = 00039884235B364D00E50E9F /* Build configuration list for PBXProject "toutiao" */;
			compatibilityVersion = "Xcode 9.3";
			developmentRegion = en;
			hasScannedForEncodings = 0;
			knownRegions = (
				en,
				Base,
			);
			mainGroup = 00039880235B364D00E50E9F;
			productRefGroup = 0003988A235B364D00E50E9F /* Products */;
			projectDirPath = "";
			projectRoot = "";
			targets = (
				00039888235B364D00E50E9F /* toutiao */,
				000398A3235B364E00E50E9F /* toutiaoTests */,
				000398AE235B364E00E50E9F /* toutiaoUITests */,
			);
		};
/* End PBXProject section */

/* Begin PBXResourcesBuildPhase section */
		00039887235B364D00E50E9F /* Resources */ = {
			isa = PBXResourcesBuildPhase;
			buildActionMask = 2147483647;
			files = (
				0003989C235B364E00E50E9F /* LaunchScreen.storyboard in Resources */,
				00039899235B364E00E50E9F /* Assets.xcassets in Resources */,
				00039897235B364D00E50E9F /* Main.storyboard in Resources */,
			);
			runOnlyForDeploymentPostprocessing = 0;
		};
		000398A2235B364E00E50E9F /* Resources */ = {
			isa = PBXResourcesBuildPhase;
			buildActionMask = 2147483647;
			files = (
			);
			runOnlyForDeploymentPostprocessing = 0;
		};
		000398AD235B364E00E50E9F /* Resources */ = {
			isa = PBXResourcesBuildPhase;
			buildActionMask = 2147483647;
			files = (
			);
			runOnlyForDeploymentPostprocessing = 0;
		};
/* End PBXResourcesBuildPhase section */

/* Begin PBXSourcesBuildPhase section */
		00039885235B364D00E50E9F /* Sources */ = {
			isa = PBXSourcesBuildPhase;
			buildActionMask = 2147483647;
			files = (
				00039894235B364D00E50E9F /* ViewController.m in Sources */,
				0003988E235B364D00E50E9F /* AppDelegate.m in Sources */,
				0003989F235B364E00E50E9F /* main.m in Sources */,
				00039891235B364D00E50E9F /* SceneDelegate.m in Sources */,
			);
			runOnlyForDeploymentPostprocessing = 0;
		};
		000398A0235B364E00E50E9F /* Sources */ = {
			isa = PBXSourcesBuildPhase;
			buildActionMask = 2147483647;
			files = (
				000398A9235B364E00E50E9F /* toutiaoTests.m in Sources */,
			);
			runOnlyForDeploymentPostprocessing = 0;
		};
		000398AB235B364E00E50E9F /* Sources */ = {
			isa = PBXSourcesBuildPhase;
			buildActionMask = 2147483647;
			files = (
				000398B4235B364E00E50E9F /* toutiaoUITests.m in Sources */,
			);
			runOnlyForDeploymentPostprocessing = 0;
		};
/* End PBXSourcesBuildPhase section */

/* Begin PBXTargetDependency section */
		000398A6235B364E00E50E9F /* PBXTargetDependency */ = {
			isa = PBXTargetDependency;
			target = 00039888235B364D00E50E9F /* toutiao */;
			targetProxy = 000398A5235B364E00E50E9F /* PBXContainerItemProxy */;
		};
		000398B1235B364E00E50E9F /* PBXTargetDependency */ = {
			isa = PBXTargetDependency;
			target = 00039888235B364D00E50E9F /* toutiao */;
			targetProxy = 000398B0235B364E00E50E9F /* PBXContainerItemProxy */;
		};
/* End PBXTargetDependency section */

/* Begin PBXVariantGroup section */
		00039895235B364D00E50E9F /* Main.storyboard */ = {
			isa = PBXVariantGroup;
			children = (
				00039896235B364D00E50E9F /* Base */,
			);
			name = Main.storyboard;
			sourceTree = "<group>";
		};
		0003989A235B364E00E50E9F /* LaunchScreen.storyboard */ = {
			isa = PBXVariantGroup;
			children = (
				0003989B235B364E00E50E9F /* Base */,
			);
			name = LaunchScreen.storyboard;
			sourceTree = "<group>";
		};
/* End PBXVariantGroup section */

/* Begin XCBuildConfiguration section */
		000398B6235B364E00E50E9F /* Debug */ = {
			isa = XCBuildConfiguration;
			buildSettings = {
				ALWAYS_SEARCH_USER_PATHS = NO;
				CLANG_ANALYZER_NONNULL = YES;
				CLANG_ANALYZER_NUMBER_OBJECT_CONVERSION = YES_AGGRESSIVE;
				CLANG_CXX_LANGUAGE_STANDARD = "gnu++14";
				CLANG_CXX_LIBRARY = "libc++";
				CLANG_ENABLE_MODULES = YES;
				CLANG_ENABLE_OBJC_ARC = YES;
				CLANG_ENABLE_OBJC_WEAK = YES;
				CLANG_WARN_BLOCK_CAPTURE_AUTORELEASING = YES;
				CLANG_WARN_BOOL_CONVERSION = YES;
				CLANG_WARN_COMMA = YES;
				CLANG_WARN_CONSTANT_CONVERSION = YES;
				CLANG_WARN_DEPRECATED_OBJC_IMPLEMENTATIONS = YES;
				CLANG_WARN_DIRECT_OBJC_ISA_USAGE = YES_ERROR;
				CLANG_WARN_DOCUMENTATION_COMMENTS = YES;
				CLANG_WARN_EMPTY_BODY = YES;
				CLANG_WARN_ENUM_CONVERSION = YES;
				CLANG_WARN_INFINITE_RECURSION = YES;
				CLANG_WARN_INT_CONVERSION = YES;
				CLANG_WARN_NON_LITERAL_NULL_CONVERSION = YES;
				CLANG_WARN_OBJC_IMPLICIT_RETAIN_SELF = YES;
				CLANG_WARN_OBJC_LITERAL_CONVERSION = YES;
				CLANG_WARN_OBJC_ROOT_CLASS = YES_ERROR;
				CLANG_WARN_RANGE_LOOP_ANALYSIS = YES;
				CLANG_WARN_STRICT_PROTOTYPES = YES;
				CLANG_WARN_SUSPICIOUS_MOVE = YES;
				CLANG_WARN_UNGUARDED_AVAILABILITY = YES_AGGRESSIVE;
				CLANG_WARN_UNREACHABLE_CODE = YES;
				CLANG_WARN__DUPLICATE_METHOD_MATCH = YES;
				COPY_PHASE_STRIP = NO;
				DEBUG_INFORMATION_FORMAT = dwarf;
				ENABLE_STRICT_OBJC_MSGSEND = YES;
				ENABLE_TESTABILITY = YES;
				GCC_C_LANGUAGE_STANDARD = gnu11;
				GCC_DYNAMIC_NO_PIC = NO;
				GCC_NO_COMMON_BLOCKS = YES;
				GCC_OPTIMIZATION_LEVEL = 0;
				GCC_PREPROCESSOR_DEFINITIONS = (
					"DEBUG=1",
					"$(inherited)",
				);
				GCC_WARN_64_TO_32_BIT_CONVERSION = YES;
				GCC_WARN_ABOUT_RETURN_TYPE = YES_ERROR;
				GCC_WARN_UNDECLARED_SELECTOR = YES;
				GCC_WARN_UNINITIALIZED_AUTOS = YES_AGGRESSIVE;
				GCC_WARN_UNUSED_FUNCTION = YES;
				GCC_WARN_UNUSED_VARIABLE = YES;
				IPHONEOS_DEPLOYMENT_TARGET = 13.2;
				MTL_ENABLE_DEBUG_INFO = INCLUDE_SOURCE;
				MTL_FAST_MATH = YES;
				ONLY_ACTIVE_ARCH = YES;
				SDKROOT = iphoneos;
			};
			name = Debug;
		};
		000398B7235B364E00E50E9F /* Release */ = {
			isa = XCBuildConfiguration;
			buildSettings = {
				ALWAYS_SEARCH_USER_PATHS = NO;
				CLANG_ANALYZER_NONNULL = YES;
				CLANG_ANALYZER_NUMBER_OBJECT_CONVERSION = YES_AGGRESSIVE;
				CLANG_CXX_LANGUAGE_STANDARD = "gnu++14";
				CLANG_CXX_LIBRARY = "libc++";
				CLANG_ENABLE_MODULES = YES;
				CLANG_ENABLE_OBJC_ARC = YES;
				CLANG_ENABLE_OBJC_WEAK = YES;
				CLANG_WARN_BLOCK_CAPTURE_AUTORELEASING = YES;
				CLANG_WARN_BOOL_CONVERSION = YES;
				CLANG_WARN_COMMA = YES;
				CLANG_WARN_CONSTANT_CONVERSION = YES;
				CLANG_WARN_DEPRECATED_OBJC_IMPLEMENTATIONS = YES;
				CLANG_WARN_DIRECT_OBJC_ISA_USAGE = YES_ERROR;
				CLANG_WARN_DOCUMENTATION_COMMENTS = YES;
				CLANG_WARN_EMPTY_BODY = YES;
				CLANG_WARN_ENUM_CONVERSION = YES;
				CLANG_WARN_INFINITE_RECURSION = YES;
				CLANG_WARN_INT_CONVERSION = YES;
				CLANG_WARN_NON_LITERAL_NULL_CONVERSION = YES;
				CLANG_WARN_OBJC_IMPLICIT_RETAIN_SELF = YES;
				CLANG_WARN_OBJC_LITERAL_CONVERSION = YES;
				CLANG_WARN_OBJC_ROOT_CLASS = YES_ERROR;
				CLANG_WARN_RANGE_LOOP_ANALYSIS = YES;
				CLANG_WARN_STRICT_PROTOTYPES = YES;
				CLANG_WARN_SUSPICIOUS_MOVE = YES;
				CLANG_WARN_UNGUARDED_AVAILABILITY = YES_AGGRESSIVE;
				CLANG_WARN_UNREACHABLE_CODE = YES;
				CLANG_WARN__DUPLICATE_METHOD_MATCH = YES;
				COPY_PHASE_STRIP = NO;
				DEBUG_INFORMATION_FORMAT = "dwarf-with-dsym";
				ENABLE_NS_ASSERTIONS = NO;
				ENABLE_STRICT_OBJC_MSGSEND = YES;
				GCC_C_LANGUAGE_STANDARD = gnu11;
				GCC_NO_COMMON_BLOCKS = YES;
				GCC_WARN_64_TO_32_BIT_CONVERSION = YES;
				GCC_WARN_ABOUT_RETURN_TYPE = YES_ERROR;
				GCC_WARN_UNDECLARED_SELECTOR = YES;
				GCC_WARN_UNINITIALIZED_AUTOS = YES_AGGRESSIVE;
				GCC_WARN_UNUSED_FUNCTION = YES;
				GCC_WARN_UNUSED_VARIABLE = YES;
				IPHONEOS_DEPLOYMENT_TARGET = 13.2;
				MTL_ENABLE_DEBUG_INFO = NO;
				MTL_FAST_MATH = YES;
				SDKROOT = iphoneos;
				VALIDATE_PRODUCT = YES;
			};
			name = Release;
		};
		000398B9235B364E00E50E9F /* Debug */ = {
			isa = XCBuildConfiguration;
			buildSettings = {
				ASSETCATALOG_COMPILER_APPICON_NAME = AppIcon;
				CODE_SIGN_STYLE = Automatic;
				INFOPLIST_FILE = toutiao/Info.plist;
				LD_RUNPATH_SEARCH_PATHS = (
					"$(inherited)",
					"@executable_path/Frameworks",
				);
				PRODUCT_BUNDLE_IDENTIFIER = edz.toutiao;
				PRODUCT_NAME = "$(TARGET_NAME)";
				TARGETED_DEVICE_FAMILY = "1,2";
			};
			name = Debug;
		};
		000398BA235B364E00E50E9F /* Release */ = {
			isa = XCBuildConfiguration;
			buildSettings = {
				ASSETCATALOG_COMPILER_APPICON_NAME = AppIcon;
				CODE_SIGN_STYLE = Automatic;
				INFOPLIST_FILE = toutiao/Info.plist;
				LD_RUNPATH_SEARCH_PATHS = (
					"$(inherited)",
					"@executable_path/Frameworks",
				);
				PRODUCT_BUNDLE_IDENTIFIER = edz.toutiao;
				PRODUCT_NAME = "$(TARGET_NAME)";
				TARGETED_DEVICE_FAMILY = "1,2";
			};
			name = Release;
		};
		000398BC235B364E00E50E9F /* Debug */ = {
			isa = XCBuildConfiguration;
			buildSettings = {
				BUNDLE_LOADER = "$(TEST_HOST)";
				CODE_SIGN_STYLE = Automatic;
				INFOPLIST_FILE = toutiaoTests/Info.plist;
				IPHONEOS_DEPLOYMENT_TARGET = 13.2;
				LD_RUNPATH_SEARCH_PATHS = (
					"$(inherited)",
					"@executable_path/Frameworks",
					"@loader_path/Frameworks",
				);
				PRODUCT_BUNDLE_IDENTIFIER = edz.toutiaoTests;
				PRODUCT_NAME = "$(TARGET_NAME)";
				TARGETED_DEVICE_FAMILY = "1,2";
				TEST_HOST = "$(BUILT_PRODUCTS_DIR)/toutiao.app/toutiao";
			};
			name = Debug;
		};
		000398BD235B364E00E50E9F /* Release */ = {
			isa = XCBuildConfiguration;
			buildSettings = {
				BUNDLE_LOADER = "$(TEST_HOST)";
				CODE_SIGN_STYLE = Automatic;
				INFOPLIST_FILE = toutiaoTests/Info.plist;
				IPHONEOS_DEPLOYMENT_TARGET = 13.2;
				LD_RUNPATH_SEARCH_PATHS = (
					"$(inherited)",
					"@executable_path/Frameworks",
					"@loader_path/Frameworks",
				);
				PRODUCT_BUNDLE_IDENTIFIER = edz.toutiaoTests;
				PRODUCT_NAME = "$(TARGET_NAME)";
				TARGETED_DEVICE_FAMILY = "1,2";
				TEST_HOST = "$(BUILT_PRODUCTS_DIR)/toutiao.app/toutiao";
			};
			name = Release;
		};
		000398BF235B364E00E50E9F /* Debug */ = {
			isa = XCBuildConfiguration;
			buildSettings = {
				CODE_SIGN_STYLE = Automatic;
				INFOPLIST_FILE = toutiaoUITests/Info.plist;
				LD_RUNPATH_SEARCH_PATHS = (
					"$(inherited)",
					"@executable_path/Frameworks",
					"@loader_path/Frameworks",
				);
				PRODUCT_BUNDLE_IDENTIFIER = edz.toutiaoUITests;
				PRODUCT_NAME = "$(TARGET_NAME)";
				TARGETED_DEVICE_FAMILY = "1,2";
				TEST_TARGET_NAME = toutiao;
			};
			name = Debug;
		};
		000398C0235B364E00E50E9F /* Release */ = {
			isa = XCBuildConfiguration;
			buildSettings = {
				CODE_SIGN_STYLE = Automatic;
				INFOPLIST_FILE = toutiaoUITests/Info.plist;
				LD_RUNPATH_SEARCH_PATHS = (
					"$(inherited)",
					"@executable_path/Frameworks",
					"@loader_path/Frameworks",
				);
				PRODUCT_BUNDLE_IDENTIFIER = edz.toutiaoUITests;
				PRODUCT_NAME = "$(TARGET_NAME)";
				TARGETED_DEVICE_FAMILY = "1,2";
				TEST_TARGET_NAME = toutiao;
			};
			name = Release;
		};
/* End XCBuildConfiguration section */

/* Begin XCConfigurationList section */
		00039884235B364D00E50E9F /* Build configuration list for PBXProject "toutiao" */ = {
			isa = XCConfigurationList;
			buildConfigurations = (
				000398B6235B364E00E50E9F /* Debug */,
				000398B7235B364E00E50E9F /* Release */,
			);
			defaultConfigurationIsVisible = 0;
			defaultConfigurationName = Release;
		};
		000398B8235B364E00E50E9F /* Build configuration list for PBXNativeTarget "toutiao" */ = {
			isa = XCConfigurationList;
			buildConfigurations = (
				000398B9235B364E00E50E9F /* Debug */,
				000398BA235B364E00E50E9F /* Release */,
			);
			defaultConfigurationIsVisible = 0;
			defaultConfigurationName = Release;
		};
		000398BB235B364E00E50E9F /* Build configuration list for PBXNativeTarget "toutiaoTests" */ = {
			isa = XCConfigurationList;
			buildConfigurations = (
				000398BC235B364E00E50E9F /* Debug */,
				000398BD235B364E00E50E9F /* Release */,
			);
			defaultConfigurationIsVisible = 0;
			defaultConfigurationName = Release;
		};
		000398BE235B364E00E50E9F /* Build configuration list for PBXNativeTarget "toutiaoUITests" */ = {
			isa = XCConfigurationList;
			buildConfigurations = (
				000398BF235B364E00E50E9F /* Debug */,
				000398C0235B364E00E50E9F /* Release */,
			);
			defaultConfigurationIsVisible = 0;
			defaultConfigurationName = Release;
		};
/* End XCConfigurationList section */
	};
	rootObject = 00039881235B364D00E50E9F /* Project object */;
}
